<?xml version="1.0" encoding="utf-8"?>
<Project ToolsVersion="4.0" xmlns="http://schemas.microsoft.com/developer/msbuild/2003">
  <ItemGroup>
    <Filter Include="Source Files">
      <UniqueIdentifier>{4FC737F1-C7A5-4376-A066-2A32D752A2FF}</UniqueIdentifier>
      <Extensions>cpp;c;cc;cxx;c++;cppm;ixx;def;odl;idl;hpj;bat;asm;asmx</Extensions>
    </Filter>
    <Filter Include="Header Files">
      <UniqueIdentifier>{93995380-89BD-4b04-88EB-625FBE52EBFB}</UniqueIdentifier>
      <Extensions>h;hh;hpp;hxx;h++;hm;inl;inc;ipp;xsd</Extensions>
    </Filter>
    <Filter Include="Resource Files">
      <UniqueIdentifier>{67DA6AB6-F800-4c08-8B7A-83BB121AAD01}</UniqueIdentifier>
      <Extensions>rc;ico;cur;bmp;dlg;rc2;rct;bin;rgs;gif;jpg;jpeg;jpe;resx;tiff;tif;png;wav;mfcribbon-ms</Extensions>
    </Filter>
    <Filter Include="Header Files\objects">
      <UniqueIdentifier>{169ac212-1914-4f84-bd47-d4c0f229ebe0}</UniqueIdentifier>
    </Filter>
    <Filter Include="Source Files\objects">
      <UniqueIdentifier>{7cfb0e5d-6f02-4484-8631-7284e4b08e41}</UniqueIdentifier>
    </Filter>
    <Filter Include="Source Files\structures">
      <UniqueIdentifier>{2a4025ae-6b9b-4c55-a610-8b50d1888fa4}</UniqueIdentifier>
    </Filter>
    <Filter Include="Header Files\structures">
      <UniqueIdentifier>{c9737377-5349-4ae5-93b6-b7c35000448a}</UniqueIdentifier>
    </Filter>
    <Filter Include="Source Files\geometry">
      <UniqueIdentifier>{8ed75455-b55d-45b2-8682-1726bd931cfa}</UniqueIdentifier>
    </Filter>
    <Filter Include="Source Files\Images">
      <UniqueIdentifier>{9bb33bd4-92ff-432b-9f4f-a269fc2b1750}</UniqueIdentifier>
    </Filter>
    <Filter Include="Header Files\Images">
      <UniqueIdentifier>{fe958dde-6188-478f-913e-8ad94a317cd2}</UniqueIdentifier>
    </Filter>
    <Filter Include="Header Files\geometry">
      <UniqueIdentifier>{d2c0a35a-fe68-4187-b6b3-470eae200735}</UniqueIdentifier>
    </Filter>
  </ItemGroup>
  <ItemGroup>
    <ClCompile Include="main.cpp">
      <Filter>Source Files\structures</Filter>
    </ClCompile>
    <ClCompile Include="renderer.cpp">
      <Filter>Source Files\structures</Filter>
    </ClCompile>
    <ClCompile Include="screen.cpp">
      <Filter>Source Files\structures</Filter>
    </ClCompile>
    <ClCompile Include="camera.cpp">
      <Filter>Source Files\objects</Filter>
    </ClCompile>
    <ClCompile Include="vec2.cpp">
      <Filter>Source Files\geometry</Filter>
    </ClCompile>
    <ClCompile Include="vec3.cpp">
      <Filter>Source Files\geometry</Filter>
    </ClCompile>
    <ClCompile Include="plane.cpp">
      <Filter>Source Files\geometry</Filter>
    </ClCompile>
    <ClCompile Include="input.cpp">
      <Filter>Source Files\structures</Filter>
    </ClCompile>
    <ClCompile Include="game.cpp">
      <Filter>Source Files\structures</Filter>
    </ClCompile>
    <ClCompile Include="line.cpp">
      <Filter>Source Files\geometry</Filter>
    </ClCompile>
    <ClCompile Include="color.cpp">
      <Filter>Source Files\Images</Filter>
    </ClCompile>
    <ClCompile Include="..\..\..\C++_Libraries\easyBMP\EasyBMP.cpp">
      <Filter>Source Files\Images</Filter>
    </ClCompile>
    <ClCompile Include="bmp.cpp">
      <Filter>Source Files\Images</Filter>
    </ClCompile>
    <ClCompile Include="triangle.cpp">
      <Filter>Source Files\geometry</Filter>
    </ClCompile>
    <ClCompile Include="entity.cpp">
      <Filter>Source Files\objects</Filter>
    </ClCompile>
    <ClCompile Include="trianglePointData.cpp">
      <Filter>Source Files\geometry</Filter>
    </ClCompile>
    <ClCompile Include="plant.cpp">
      <Filter>Source Files</Filter>
    </ClCompile>
    <ClCompile Include="renderer2.cpp">
      <Filter>Source Files</Filter>
    </ClCompile>
    <ClCompile Include="vertexData.cpp">
      <Filter>Source Files</Filter>
    </ClCompile>
    <ClCompile Include="sandbox.cpp">
      <Filter>Source Files</Filter>
    </ClCompile>
  </ItemGroup>
  <ItemGroup>
    <ClInclude Include="triangle.h">
      <Filter>Header Files\objects</Filter>
    </ClInclude>
    <ClInclude Include="camera.h">
      <Filter>Header Files\objects</Filter>
    </ClInclude>
    <ClInclude Include="screen.h">
      <Filter>Header Files\structures</Filter>
    </ClInclude>
    <ClInclude Include="renderer.h">
      <Filter>Header Files\structures</Filter>
    </ClInclude>
    <ClInclude Include="headers.h">
      <Filter>Header Files\structures</Filter>
    </ClInclude>
    <ClInclude Include="input.h">
      <Filter>Header Files\structures</Filter>
    </ClInclude>
    <ClInclude Include="game.h">
      <Filter>Header Files\structures</Filter>
    </ClInclude>
    <ClInclude Include="swap.h">
      <Filter>Header Files</Filter>
    </ClInclude>
    <ClInclude Include="line.h">
      <Filter>Header Files\geometry</Filter>
    </ClInclude>
    <ClInclude Include="plane.h">
      <Filter>Header Files\geometry</Filter>
    </ClInclude>
    <ClInclude Include="color.h">
      <Filter>Header Files\Images</Filter>
    </ClInclude>
    <ClInclude Include="vec2.h">
      <Filter>Header Files\geometry</Filter>
    </ClInclude>
    <ClInclude Include="vec3.h">
      <Filter>Header Files\geometry</Filter>
    </ClInclude>
    <ClInclude Include="..\..\..\C++_Libraries\easyBMP\EasyBMP.h">
      <Filter>Header Files\Images</Filter>
    </ClInclude>
    <ClInclude Include="bmp.h">
      <Filter>Header Files\Images</Filter>
    </ClInclude>
    <ClInclude Include="..\..\..\C++_Libraries\easyBMP\EasyBMP_VariousBMPutilities.h">
      <Filter>Header Files\Images</Filter>
    </ClInclude>
    <ClInclude Include="..\..\..\C++_Libraries\easyBMP\EasyBMP_BMP.h">
      <Filter>Header Files\Images</Filter>
    </ClInclude>
    <ClInclude Include="..\..\..\C++_Libraries\easyBMP\EasyBMP_DataStructures.h">
      <Filter>Header Files\Images</Filter>
    </ClInclude>
    <ClInclude Include="trianglePointData.h">
      <Filter>Header Files\geometry</Filter>
    </ClInclude>
    <ClInclude Include="entity.h">
      <Filter>Header Files\objects</Filter>
    </ClInclude>
    <ClInclude Include="plant.h">
      <Filter>Header Files</Filter>
    </ClInclude>
    <ClInclude Include="renderer2.h">
      <Filter>Header Files</Filter>
    </ClInclude>
    <ClInclude Include="vertexData.h">
      <Filter>Header Files</Filter>
    </ClInclude>
  </ItemGroup>
  <ItemGroup>
    <Image Include="bitmaps\wave.bmp">
      <Filter>Resource Files</Filter>
    </Image>
  </ItemGroup>
</Project>